{
  "markbot": "1a672b135601e00ea15bb5dd9fc4f71985143b1ffc86067acc34f011b8eacf0d",
  "markbotignore": "030a4e6e1b3b6b510514a7ae54576e2c2ef762d56236c6414ef634955d96a126",
  "index-320.png": "100816dabec6ea5bc55e734e773f8d17ff59daf52623b6ac1ff9aa849ce939a3",
  "index-400.png": "17310bd52fe2ea05f3d9d96433510b78cf9fa2b6cae0d51699c7ba1ed9a8c422",
  "index-608.png": "62d2f6d28551876aa9a335dd13a07452cc786248b49addc71f9268c562ed35de",
  "index-960.png": "d4a01e0840d1ab5af4499546784201dc708303285132d821dc7c45ea8a69a9a3",
  "index-1440.png": "5c116079b96a1cad236a7a7d1762e762ed7152464b117d01d790faff8157112c"
}