{
  "markbot": "56d73f5db190c2d49c5c87adc548cd2b8b2fadd3a648e9b706aeeabae214ea85",
  "markbotignore": "030a4e6e1b3b6b510514a7ae54576e2c2ef762d56236c6414ef634955d96a126",
  "index-320.png": "c33eedc3bf502083c890dfeae12fa500bfcdea392ec6c0c15f8fc3a128bbb13f",
  "index-400.png": "a4d5ae7d1fe23360c1b289c056eb4abd92fd3a2c98ddd9a3b44595220263595c",
  "index-608.png": "842a21944df4a6e97ae7655e1090478dda79278d75fbc2194b37ed000e7840c3",
  "index-960.png": "79c4b5d8a10e5ef4504867f4977439580ac4f96bfe7ad4aae95c719d33dcc306",
  "index-1440.png": "1de988c97a1ac1996163e29ede96a56045c48406b1b06f8789700b573f029c67"
}