{
  "markbot": "1a672b135601e00ea15bb5dd9fc4f71985143b1ffc86067acc34f011b8eacf0d",
  "markbotignore": "030a4e6e1b3b6b510514a7ae54576e2c2ef762d56236c6414ef634955d96a126",
  "index-320.png": "9909dcf64837b09af60712d7bd7a324970959117629daa3716be40e3103514be",
  "index-400.png": "9a77cbc33f7640b1e08537c9da649ce23cbb41cdfa34b3c11ae5ec1959b50412",
  "index-608.png": "bb9ce0869acf4b6fc9fe4a1344ded2d41b6521f19a2f931dd0045a59440d8585",
  "index-960.png": "7ac6b6b06443ccddd42af1b13a94ede88f4fdb243aae433b2f9c364d273defef",
  "index-1440.png": "45f60038fc19b69a41874a69fa399a61b522abe385740561a349c6940f37e31d"
}